// !$*UTF8*$!
{
	archiveVersion = 1;
	classes = {
	};
	objectVersion = 46;
	objects = {

/* Begin PBXBuildFile section */
		6E0ECDAE1E9A9AC200EC3640 /* AppDelegate.swift in Sources */ = {isa = PBXBuildFile; fileRef = 6E0ECDAD1E9A9AC200EC3640 /* AppDelegate.swift */; };
		6E0ECDB01E9A9AC200EC3640 /* CreateMemeViewController.swift in Sources */ = {isa = PBXBuildFile; fileRef = 6E0ECDAF1E9A9AC200EC3640 /* CreateMemeViewController.swift */; };
		6E0ECDB31E9A9AC200EC3640 /* Main.storyboard in Resources */ = {isa = PBXBuildFile; fileRef = 6E0ECDB11E9A9AC200EC3640 /* Main.storyboard */; };
		6E0ECDB51E9A9AC200EC3640 /* Assets.xcassets in Resources */ = {isa = PBXBuildFile; fileRef = 6E0ECDB41E9A9AC200EC3640 /* Assets.xcassets */; };
		6E0ECDB81E9A9AC200EC3640 /* LaunchScreen.storyboard in Resources */ = {isa = PBXBuildFile; fileRef = 6E0ECDB61E9A9AC200EC3640 /* LaunchScreen.storyboard */; };
		6E0F51661EA076FB000A7E00 /* SentMemesCollectionViewController.swift in Sources */ = {isa = PBXBuildFile; fileRef = 6E0F51651EA076FB000A7E00 /* SentMemesCollectionViewController.swift */; };
		6E0F51681EA07C59000A7E00 /* MemeCollectionViewCell.swift in Sources */ = {isa = PBXBuildFile; fileRef = 6E0F51671EA07C59000A7E00 /* MemeCollectionViewCell.swift */; };
		6E0F516A1EA13BB0000A7E00 /* SentMemesTableViewController.swift in Sources */ = {isa = PBXBuildFile; fileRef = 6E0F51691EA13BB0000A7E00 /* SentMemesTableViewController.swift */; };
		6E0F516C1EA14104000A7E00 /* MemeCollectionTableViewCell.swift in Sources */ = {isa = PBXBuildFile; fileRef = 6E0F516B1EA14103000A7E00 /* MemeCollectionTableViewCell.swift */; };
		6E4AE7671E9EED470094A643 /* Meme.swift in Sources */ = {isa = PBXBuildFile; fileRef = 6E4AE7661E9EED470094A643 /* Meme.swift */; };
		6E4FA1601EA1E76700C092B4 /* DetailViewController.swift in Sources */ = {isa = PBXBuildFile; fileRef = 6E4FA15F1EA1E76700C092B4 /* DetailViewController.swift */; };
/* End PBXBuildFile section */

/* Begin PBXFileReference section */
		6E0ECDAA1E9A9AC200EC3640 /* meme-editor.app */ = {isa = PBXFileReference; explicitFileType = wrapper.application; includeInIndex = 0; path = "meme-editor.app"; sourceTree = BUILT_PRODUCTS_DIR; };
		6E0ECDAD1E9A9AC200EC3640 /* AppDelegate.swift */ = {isa = PBXFileReference; lastKnownFileType = sourcecode.swift; path = AppDelegate.swift; sourceTree = "<group>"; };
		6E0ECDAF1E9A9AC200EC3640 /* CreateMemeViewController.swift */ = {isa = PBXFileReference; lastKnownFileType = sourcecode.swift; path = CreateMemeViewController.swift; sourceTree = "<group>"; };
		6E0ECDB21E9A9AC200EC3640 /* Base */ = {isa = PBXFileReference; lastKnownFileType = file.storyboard; name = Base; path = Base.lproj/Main.storyboard; sourceTree = "<group>"; };
		6E0ECDB41E9A9AC200EC3640 /* Assets.xcassets */ = {isa = PBXFileReference; lastKnownFileType = folder.assetcatalog; path = Assets.xcassets; sourceTree = "<group>"; };
		6E0ECDB71E9A9AC200EC3640 /* Base */ = {isa = PBXFileReference; lastKnownFileType = file.storyboard; name = Base; path = Base.lproj/LaunchScreen.storyboard; sourceTree = "<group>"; };
		6E0ECDB91E9A9AC200EC3640 /* Info.plist */ = {isa = PBXFileReference; lastKnownFileType = text.plist.xml; path = Info.plist; sourceTree = "<group>"; };
		6E0F51651EA076FB000A7E00 /* SentMemesCollectionViewController.swift */ = {isa = PBXFileReference; fileEncoding = 4; lastKnownFileType = sourcecode.swift; path = SentMemesCollectionViewController.swift; sourceTree = "<group>"; };
		6E0F51671EA07C59000A7E00 /* MemeCollectionViewCell.swift */ = {isa = PBXFileReference; fileEncoding = 4; lastKnownFileType = sourcecode.swift; path = MemeCollectionViewCell.swift; sourceTree = "<group>"; };
		6E0F51691EA13BB0000A7E00 /* SentMemesTableViewController.swift */ = {isa = PBXFileReference; fileEncoding = 4; lastKnownFileType = sourcecode.swift; path = SentMemesTableViewController.swift; sourceTree = "<group>"; };
		6E0F516B1EA14103000A7E00 /* MemeCollectionTableViewCell.swift */ = {isa = PBXFileReference; fileEncoding = 4; lastKnownFileType = sourcecode.swift; path = MemeCollectionTableViewCell.swift; sourceTree = "<group>"; };
		6E4AE7661E9EED470094A643 /* Meme.swift */ = {isa = PBXFileReference; fileEncoding = 4; lastKnownFileType = sourcecode.swift; path = Meme.swift; sourceTree = "<group>"; };
		6E4FA15F1EA1E76700C092B4 /* DetailViewController.swift */ = {isa = PBXFileReference; fileEncoding = 4; lastKnownFileType = sourcecode.swift; path = DetailViewController.swift; sourceTree = "<group>"; };
/* End PBXFileReference section */

/* Begin PBXFrameworksBuildPhase section */
		6E0ECDA71E9A9AC200EC3640 /* Frameworks */ = {
			isa = PBXFrameworksBuildPhase;
			buildActionMask = 2147483647;
			files = (
			);
			runOnlyForDeploymentPostprocessing = 0;
		};
/* End PBXFrameworksBuildPhase section */

/* Begin PBXGroup section */
		6E0ECDA11E9A9AC200EC3640 = {
			isa = PBXGroup;
			children = (
				6E0ECDAC1E9A9AC200EC3640 /* meme-editor */,
				6E0ECDAB1E9A9AC200EC3640 /* Products */,
			);
			sourceTree = "<group>";
		};
		6E0ECDAB1E9A9AC200EC3640 /* Products */ = {
			isa = PBXGroup;
			children = (
				6E0ECDAA1E9A9AC200EC3640 /* meme-editor.app */,
			);
			name = Products;
			sourceTree = "<group>";
		};
		6E0ECDAC1E9A9AC200EC3640 /* meme-editor */ = {
			isa = PBXGroup;
			children = (
				6E0ECDAD1E9A9AC200EC3640 /* AppDelegate.swift */,
				6E0ECDAF1E9A9AC200EC3640 /* CreateMemeViewController.swift */,
				6E0F51651EA076FB000A7E00 /* SentMemesCollectionViewController.swift */,
				6E0ECDB11E9A9AC200EC3640 /* Main.storyboard */,
				6E4FA15F1EA1E76700C092B4 /* DetailViewController.swift */,
				6E0F51691EA13BB0000A7E00 /* SentMemesTableViewController.swift */,
				6E0F516B1EA14103000A7E00 /* MemeCollectionTableViewCell.swift */,
				6E0F51671EA07C59000A7E00 /* MemeCollectionViewCell.swift */,
				6E0ECDB41E9A9AC200EC3640 /* Assets.xcassets */,
				6E0ECDB61E9A9AC200EC3640 /* LaunchScreen.storyboard */,
				6E0ECDB91E9A9AC200EC3640 /* Info.plist */,
				6E4AE7661E9EED470094A643 /* Meme.swift */,
			);
			path = "meme-editor";
			sourceTree = "<group>";
		};
/* End PBXGroup section */

/* Begin PBXNativeTarget section */
		6E0ECDA91E9A9AC200EC3640 /* meme-editor */ = {
			isa = PBXNativeTarget;
			buildConfigurationList = 6E0ECDBC1E9A9AC200EC3640 /* Build configuration list for PBXNativeTarget "meme-editor" */;
			buildPhases = (
				6E0ECDA61E9A9AC200EC3640 /* Sources */,
				6E0ECDA71E9A9AC200EC3640 /* Frameworks */,
				6E0ECDA81E9A9AC200EC3640 /* Resources */,
			);
			buildRules = (
			);
			dependencies = (
			);
			name = "meme-editor";
			productName = "meme-editor";
			productReference = 6E0ECDAA1E9A9AC200EC3640 /* meme-editor.app */;
			productType = "com.apple.product-type.application";
		};
/* End PBXNativeTarget section */

/* Begin PBXProject section */
		6E0ECDA21E9A9AC200EC3640 /* Project object */ = {
			isa = PBXProject;
			attributes = {
				LastSwiftUpdateCheck = 0830;
				LastUpgradeCheck = 0830;
				ORGANIZATIONNAME = liz;
				TargetAttributes = {
					6E0ECDA91E9A9AC200EC3640 = {
						CreatedOnToolsVersion = 8.3.1;
						ProvisioningStyle = Automatic;
					};
				};
			};
			buildConfigurationList = 6E0ECDA51E9A9AC200EC3640 /* Build configuration list for PBXProject "meme-editor" */;
			compatibilityVersion = "Xcode 3.2";
			developmentRegion = English;
			hasScannedForEncodings = 0;
			knownRegions = (
				en,
				Base,
			);
			mainGroup = 6E0ECDA11E9A9AC200EC3640;
			productRefGroup = 6E0ECDAB1E9A9AC200EC3640 /* Products */;
			projectDirPath = "";
			projectRoot = "";
			targets = (
				6E0ECDA91E9A9AC200EC3640 /* meme-editor */,
			);
		};
/* End PBXProject section */

/* Begin PBXResourcesBuildPhase section */
		6E0ECDA81E9A9AC200EC3640 /* Resources */ = {
			isa = PBXResourcesBuildPhase;
			buildActionMask = 2147483647;
			files = (
				6E0ECDB81E9A9AC200EC3640 /* LaunchScreen.storyboard in Resources */,
				6E0ECDB51E9A9AC200EC3640 /* Assets.xcassets in Resources */,
				6E0ECDB31E9A9AC200EC3640 /* Main.storyboard in Resources */,
			);
			runOnlyForDeploymentPostprocessing = 0;
		};
/* End PBXResourcesBuildPhase section */

/* Begin PBXSourcesBuildPhase section */
		6E0ECDA61E9A9AC200EC3640 /* Sources */ = {
			isa = PBXSourcesBuildPhase;
			buildActionMask = 2147483647;
			files = (
				6E0F51681EA07C59000A7E00 /* MemeCollectionViewCell.swift in Sources */,
				6E0F516A1EA13BB0000A7E00 /* SentMemesTableViewController.swift in Sources */,
				6E4AE7671E9EED470094A643 /* Meme.swift in Sources */,
				6E0F51661EA076FB000A7E00 /* SentMemesCollectionViewController.swift in Sources */,
				6E0ECDB01E9A9AC200EC3640 /* CreateMemeViewController.swift in Sources */,
				6E0F516C1EA14104000A7E00 /* MemeCollectionTableViewCell.swift in Sources */,
				6E0ECDAE1E9A9AC200EC3640 /* AppDelegate.swift in Sources */,
				6E4FA1601EA1E76700C092B4 /* DetailViewController.swift in Sources */,
			);
			runOnlyForDeploymentPostprocessing = 0;
		};
/* End PBXSourcesBuildPhase section */

/* Begin PBXVariantGroup section */
		6E0ECDB11E9A9AC200EC3640 /* Main.storyboard */ = {
			isa = PBXVariantGroup;
			children = (
				6E0ECDB21E9A9AC200EC3640 /* Base */,
			);
			name = Main.storyboard;
			sourceTree = "<group>";
		};
		6E0ECDB61E9A9AC200EC3640 /* LaunchScreen.storyboard */ = {
			isa = PBXVariantGroup;
			children = (
				6E0ECDB71E9A9AC200EC3640 /* Base */,
			);
			name = LaunchScreen.storyboard;
			sourceTree = "<group>";
		};
/* End PBXVariantGroup section */

/* Begin XCBuildConfiguration section */
		6E0ECDBA1E9A9AC200EC3640 /* Debug */ = {
			isa = XCBuildConfiguration;
			buildSettings = {
				ALWAYS_SEARCH_USER_PATHS = NO;
				CLANG_ANALYZER_NONNULL = YES;
				CLANG_ANALYZER_NUMBER_OBJECT_CONVERSION = YES_AGGRESSIVE;
				CLANG_CXX_LANGUAGE_STANDARD = "gnu++0x";
				CLANG_CXX_LIBRARY = "libc++";
				CLANG_ENABLE_MODULES = YES;
				CLANG_ENABLE_OBJC_ARC = YES;
				CLANG_WARN_BOOL_CONVERSION = YES;
				CLANG_WARN_CONSTANT_CONVERSION = YES;
				CLANG_WARN_DIRECT_OBJC_ISA_USAGE = YES_ERROR;
				CLANG_WARN_DOCUMENTATION_COMMENTS = YES;
				CLANG_WARN_EMPTY_BODY = YES;
				CLANG_WARN_ENUM_CONVERSION = YES;
				CLANG_WARN_INFINITE_RECURSION = YES;
				CLANG_WARN_INT_CONVERSION = YES;
				CLANG_WARN_OBJC_ROOT_CLASS = YES_ERROR;
				CLANG_WARN_SUSPICIOUS_MOVE = YES;
				CLANG_WARN_UNREACHABLE_CODE = YES;
				CLANG_WARN__DUPLICATE_METHOD_MATCH = YES;
				"CODE_SIGN_IDENTITY[sdk=iphoneos*]" = "iPhone Developer";
				COPY_PHASE_STRIP = NO;
				DEBUG_INFORMATION_FORMAT = dwarf;
				ENABLE_STRICT_OBJC_MSGSEND = YES;
				ENABLE_TESTABILITY = YES;
				GCC_C_LANGUAGE_STANDARD = gnu99;
				GCC_DYNAMIC_NO_PIC = NO;
				GCC_NO_COMMON_BLOCKS = YES;
				GCC_OPTIMIZATION_LEVEL = 0;
				GCC_PREPROCESSOR_DEFINITIONS = (
					"DEBUG=1",
					"$(inherited)",
				);
				GCC_WARN_64_TO_32_BIT_CONVERSION = YES;
				GCC_WARN_ABOUT_RETURN_TYPE = YES_ERROR;
				GCC_WARN_UNDECLARED_SELECTOR = YES;
				GCC_WARN_UNINITIALIZED_AUTOS = YES_AGGRESSIVE;
				GCC_WARN_UNUSED_FUNCTION = YES;
				GCC_WARN_UNUSED_VARIABLE = YES;
				IPHONEOS_DEPLOYMENT_TARGET = 10.3;
				MTL_ENABLE_DEBUG_INFO = YES;
				ONLY_ACTIVE_ARCH = YES;
				SDKROOT = iphoneos;
				SWIFT_ACTIVE_COMPILATION_CONDITIONS = DEBUG;
				SWIFT_OPTIMIZATION_LEVEL = "-Onone";
				TARGETED_DEVICE_FAMILY = "1,2";
			};
			name = Debug;
		};
		6E0ECDBB1E9A9AC200EC3640 /* Release */ = {
			isa = XCBuildConfiguration;
			buildSettings = {
				ALWAYS_SEARCH_USER_PATHS = NO;
				CLANG_ANALYZER_NONNULL = YES;
				CLANG_ANALYZER_NUMBER_OBJECT_CONVERSION = YES_AGGRESSIVE;
				CLANG_CXX_LANGUAGE_STANDARD = "gnu++0x";
				CLANG_CXX_LIBRARY = "libc++";
				CLANG_ENABLE_MODULES = YES;
				CLANG_ENABLE_OBJC_ARC = YES;
				CLANG_WARN_BOOL_CONVERSION = YES;
				CLANG_WARN_CONSTANT_CONVERSION = YES;
				CLANG_WARN_DIRECT_OBJC_ISA_USAGE = YES_ERROR;
				CLANG_WARN_DOCUMENTATION_COMMENTS = YES;
				CLANG_WARN_EMPTY_BODY = YES;
				CLANG_WARN_ENUM_CONVERSION = YES;
				CLANG_WARN_INFINITE_RECURSION = YES;
				CLANG_WARN_INT_CONVERSION = YES;
				CLANG_WARN_OBJC_ROOT_CLASS = YES_ERROR;
				CLANG_WARN_SUSPICIOUS_MOVE = YES;
				CLANG_WARN_UNREACHABLE_CODE = YES;
				CLANG_WARN__DUPLICATE_METHOD_MATCH = YES;
				"CODE_SIGN_IDENTITY[sdk=iphoneos*]" = "iPhone Developer";
				COPY_PHASE_STRIP = NO;
				DEBUG_INFORMATION_FORMAT = "dwarf-with-dsym";
				ENABLE_NS_ASSERTIONS = NO;
				ENABLE_STRICT_OBJC_MSGSEND = YES;
				GCC_C_LANGUAGE_STANDARD = gnu99;
				GCC_NO_COMMON_BLOCKS = YES;
				GCC_WARN_64_TO_32_BIT_CONVERSION = YES;
				GCC_WARN_ABOUT_RETURN_TYPE = YES_ERROR;
				GCC_WARN_UNDECLARED_SELECTOR = YES;
				GCC_WARN_UNINITIALIZED_AUTOS = YES_AGGRESSIVE;
				GCC_WARN_UNUSED_FUNCTION = YES;
				GCC_WARN_UNUSED_VARIABLE = YES;
				IPHONEOS_DEPLOYMENT_TARGET = 10.3;
				MTL_ENABLE_DEBUG_INFO = NO;
				SDKROOT = iphoneos;
				SWIFT_OPTIMIZATION_LEVEL = "-Owholemodule";
				TARGETED_DEVICE_FAMILY = "1,2";
				VALIDATE_PRODUCT = YES;
			};
			name = Release;
		};
		6E0ECDBD1E9A9AC200EC3640 /* Debug */ = {
			isa = XCBuildConfiguration;
			buildSettings = {
				ASSETCATALOG_COMPILER_APPICON_NAME = AppIcon;
				INFOPLIST_FILE = "meme-editor/Info.plist";
				LD_RUNPATH_SEARCH_PATHS = "$(inherited) @executable_path/Frameworks";
				PRODUCT_BUNDLE_IDENTIFIER = "com.example.meme-editor";
				PRODUCT_NAME = "$(TARGET_NAME)";
				SWIFT_VERSION = 3.0;
			};
			name = Debug;
		};
		6E0ECDBE1E9A9AC200EC3640 /* Release */ = {
			isa = XCBuildConfiguration;
			buildSettings = {
				ASSETCATALOG_COMPILER_APPICON_NAME = AppIcon;
				INFOPLIST_FILE = "meme-editor/Info.plist";
				LD_RUNPATH_SEARCH_PATHS = "$(inherited) @executable_path/Frameworks";
				PRODUCT_BUNDLE_IDENTIFIER = "com.example.meme-editor";
				PRODUCT_NAME = "$(TARGET_NAME)";
				SWIFT_VERSION = 3.0;
			};
			name = Release;
		};
/* End XCBuildConfiguration section */

/* Begin XCConfigurationList section */
		6E0ECDA51E9A9AC200EC3640 /* Build configuration list for PBXProject "meme-editor" */ = {
			isa = XCConfigurationList;
			buildConfigurations = (
				6E0ECDBA1E9A9AC200EC3640 /* Debug */,
				6E0ECDBB1E9A9AC200EC3640 /* Release */,
			);
			defaultConfigurationIsVisible = 0;
			defaultConfigurationName = Release;
		};
		6E0ECDBC1E9A9AC200EC3640 /* Build configuration list for PBXNativeTarget "meme-editor" */ = {
			isa = XCConfigurationList;
			buildConfigurations = (
				6E0ECDBD1E9A9AC200EC3640 /* Debug */,
				6E0ECDBE1E9A9AC200EC3640 /* Release */,
			);
			defaultConfigurationIsVisible = 0;
			defaultConfigurationName = Release;
		};
/* End XCConfigurationList section */
	};
	rootObject = 6E0ECDA21E9A9AC200EC3640 /* Project object */;
}
